
Microsoft Visual Studio Solution File, Format Version 12.00
# Visual Studio Version 17
VisualStudioVersion = 17.4.33122.133
MinimumVisualStudioVersion = 10.0.40219.1
Project("{FAE04EC0-301F-11D3-BF4B-00C04F79EFBC}") = "Company", "Company\Company.csproj", "{79BABAE6-F598-47F0-8210-F64E45F7439E}"
EndProject
Global
	GlobalSection(SolutionConfigurationPlatforms) = preSolution
		Debug|Any CPU = Debug|Any CPU
		Release|Any CPU = Release|Any CPU
	EndGlobalSection
	GlobalSection(ProjectConfigurationPlatforms) = postSolution
		{79BABAE6-F598-47F0-8210-F64E45F7439E}.Debug|Any CPU.ActiveCfg = Debug|Any CPU
		{79BABAE6-F598-47F0-8210-F64E45F7439E}.Debug|Any CPU.Build.0 = Debug|Any CPU
		{79BABAE6-F598-47F0-8210-F64E45F7439E}.Release|Any CPU.ActiveCfg = Release|Any CPU
		{79BABAE6-F598-47F0-8210-F64E45F7439E}.Release|Any CPU.Build.0 = Release|Any CPU
	EndGlobalSection
	GlobalSection(SolutionProperties) = preSolution
		HideSolutionNode = FALSE
	EndGlobalSection
	GlobalSection(ExtensibilityGlobals) = postSolution
		SolutionGuid = {3E04A268-F671-454D-B7D0-9C6BCD06F0F4}
	EndGlobalSection
EndGlobal
